
Microsoft Visual Studio Solution File, Format Version 11.00
# Visual Studio 2010
Project("{FAE04EC0-301F-11D3-BF4B-00C04F79EFBC}") = "Projekt 1", "Projekt 1\Projekt 1.csproj", "{382DCCA5-EB8E-42E2-9AA1-CF23CC17440D}"
EndProject
Global
	GlobalSection(SolutionConfigurationPlatforms) = preSolution
		Debug|Any CPU = Debug|Any CPU
		Release|Any CPU = Release|Any CPU
	EndGlobalSection
	GlobalSection(ProjectConfigurationPlatforms) = postSolution
		{382DCCA5-EB8E-42E2-9AA1-CF23CC17440D}.Debug|Any CPU.ActiveCfg = Debug|Any CPU
		{382DCCA5-EB8E-42E2-9AA1-CF23CC17440D}.Debug|Any CPU.Build.0 = Debug|Any CPU
		{382DCCA5-EB8E-42E2-9AA1-CF23CC17440D}.Release|Any CPU.ActiveCfg = Release|Any CPU
		{382DCCA5-EB8E-42E2-9AA1-CF23CC17440D}.Release|Any CPU.Build.0 = Release|Any CPU
	EndGlobalSection
	GlobalSection(SolutionProperties) = preSolution
		HideSolutionNode = FALSE
	EndGlobalSection
EndGlobal
